
Microsoft Visual Studio Solution File, Format Version 12.00
# Visual Studio 2017
Project("{FAE04EC0-301F-11D3-BF4B-00C04F79EFBC}") = "Gear VR Test", "Gear VR Test.csproj", "{9FDBA8A9-10DA-7594-10BA-E09F6955CF4E}"
EndProject
Global
	GlobalSection(SolutionConfigurationPlatforms) = preSolution
		Debug|Any CPU = Debug|Any CPU
		Release|Any CPU = Release|Any CPU
	EndGlobalSection
	GlobalSection(ProjectConfigurationPlatforms) = postSolution
		{9FDBA8A9-10DA-7594-10BA-E09F6955CF4E}.Debug|Any CPU.ActiveCfg = Debug|Any CPU
		{9FDBA8A9-10DA-7594-10BA-E09F6955CF4E}.Debug|Any CPU.Build.0 = Debug|Any CPU
		{9FDBA8A9-10DA-7594-10BA-E09F6955CF4E}.Release|Any CPU.ActiveCfg = Release|Any CPU
		{9FDBA8A9-10DA-7594-10BA-E09F6955CF4E}.Release|Any CPU.Build.0 = Release|Any CPU
	EndGlobalSection
	GlobalSection(SolutionProperties) = preSolution
		HideSolutionNode = FALSE
	EndGlobalSection
EndGlobal
